<Solution>
  <Folder Name="/Solution Items/">
    <File Path=".editorconfig" />
  </Folder>
  <Folder Name="/Solution Items/GitHub/">
    <File Path=".github/dependabot.yml" />
  </Folder>
  <Folder Name="/Solution Items/GitHub/Workflows/">
    <File Path=".github/workflows/build-test.yml" />
    <File Path=".github/workflows/style-check.yml" />
  </Folder>
  <Folder Name="/Solution Items/Global Properties/">
    <File Path="Directory.Build.props" />
    <File Path="Directory.Packages.props" />
    <File Path="global.json" />
    <File Path="nuget.config" />
  </Folder>
  <Folder Name="/Source/">
    <Project Path="Source/DbScriptMigrator.Api/DbScriptMigrator.Api.csproj" />
  </Folder>
  <Folder Name="/Test/" />
</Solution>
